
Microsoft Visual Studio Solution File, Format Version 12.00
Project("{FAE04EC0-301F-11D3-BF4B-00C04F79EFBC}") = "WalletConnectSharp.Network", "WalletConnectSharp.Network\WalletConnectSharp.Network.csproj", "{0797C687-3123-4502-A441-F48A31E6EF46}"
EndProject
Project("{FAE04EC0-301F-11D3-BF4B-00C04F79EFBC}") = "WalletConnectSharp.Storage", "WalletConnectSharp.Storage\WalletConnectSharp.Storage.csproj", "{46EC1C68-C0C1-4515-B841-F117651C866E}"
EndProject
Project("{FAE04EC0-301F-11D3-BF4B-00C04F79EFBC}") = "WalletConnectSharp.Crypto", "WalletConnectSharp.Crypto\WalletConnectSharp.Crypto.csproj", "{CE7D22CE-523B-47D1-8093-BB9643C4F6FB}"
EndProject
Global
	GlobalSection(SolutionConfigurationPlatforms) = preSolution
		Debug|Any CPU = Debug|Any CPU
		Release|Any CPU = Release|Any CPU
	EndGlobalSection
	GlobalSection(ProjectConfigurationPlatforms) = postSolution
		{CE7D22CE-523B-47D1-8093-BB9643C4F6FB}.Debug|Any CPU.ActiveCfg = Debug|Any CPU
		{CE7D22CE-523B-47D1-8093-BB9643C4F6FB}.Debug|Any CPU.Build.0 = Debug|Any CPU
		{0797C687-3123-4502-A441-F48A31E6EF46}.Debug|Any CPU.ActiveCfg = Debug|Any CPU
		{0797C687-3123-4502-A441-F48A31E6EF46}.Debug|Any CPU.Build.0 = Debug|Any CPU
		{46EC1C68-C0C1-4515-B841-F117651C866E}.Debug|Any CPU.ActiveCfg = Debug|Any CPU
		{46EC1C68-C0C1-4515-B841-F117651C866E}.Debug|Any CPU.Build.0 = Debug|Any CPU
	EndGlobalSection
EndGlobal
